
Microsoft Visual Studio Solution File, Format Version 12.00
# Visual Studio Version 17
VisualStudioVersion = 17.6.33801.468
MinimumVisualStudioVersion = 10.0.40219.1
Project("{9A19103F-16F7-4668-BE54-9A1E7A4F7556}") = "NeMobileBg.Web", "NeMobileBg.Web\NeMobileBg.Web.csproj", "{8536283C-5B14-4F17-BF0F-542055F24513}"
EndProject
Project("{9A19103F-16F7-4668-BE54-9A1E7A4F7556}") = "NeMobileBg.Data", "NeMobileBg.Data\NeMobileBg.Data.csproj", "{EA2EE190-B606-4886-AEAD-69CE526AD8F9}"
EndProject
Project("{9A19103F-16F7-4668-BE54-9A1E7A4F7556}") = "NeMobileBg.Services", "NeMobileBg.Services\NeMobileBg.Services.csproj", "{100A90FC-ED0F-41A2-9F4A-49FA2552DDB8}"
EndProject
Project("{9A19103F-16F7-4668-BE54-9A1E7A4F7556}") = "NeMobileBg.Tests", "NeMobileBg.Tests\NeMobileBg.Tests.csproj", "{AA607F87-862A-46C7-8B10-4A487A754544}"
EndProject
Project("{9A19103F-16F7-4668-BE54-9A1E7A4F7556}") = "NeMobileBg.Common", "NeMobileBg.Common\NeMobileBg.Common.csproj", "{D71862FB-E1B8-4CA6-8108-04CE4E5B2B4E}"
EndProject
Global
	GlobalSection(SolutionConfigurationPlatforms) = preSolution
		Debug|Any CPU = Debug|Any CPU
		Release|Any CPU = Release|Any CPU
	EndGlobalSection
	GlobalSection(ProjectConfigurationPlatforms) = postSolution
		{8536283C-5B14-4F17-BF0F-542055F24513}.Debug|Any CPU.ActiveCfg = Debug|Any CPU
		{8536283C-5B14-4F17-BF0F-542055F24513}.Debug|Any CPU.Build.0 = Debug|Any CPU
		{8536283C-5B14-4F17-BF0F-542055F24513}.Release|Any CPU.ActiveCfg = Release|Any CPU
		{8536283C-5B14-4F17-BF0F-542055F24513}.Release|Any CPU.Build.0 = Release|Any CPU
		{EA2EE190-B606-4886-AEAD-69CE526AD8F9}.Debug|Any CPU.ActiveCfg = Debug|Any CPU
		{EA2EE190-B606-4886-AEAD-69CE526AD8F9}.Debug|Any CPU.Build.0 = Debug|Any CPU
		{EA2EE190-B606-4886-AEAD-69CE526AD8F9}.Release|Any CPU.ActiveCfg = Release|Any CPU
		{EA2EE190-B606-4886-AEAD-69CE526AD8F9}.Release|Any CPU.Build.0 = Release|Any CPU
		{100A90FC-ED0F-41A2-9F4A-49FA2552DDB8}.Debug|Any CPU.ActiveCfg = Debug|Any CPU
		{100A90FC-ED0F-41A2-9F4A-49FA2552DDB8}.Debug|Any CPU.Build.0 = Debug|Any CPU
		{100A90FC-ED0F-41A2-9F4A-49FA2552DDB8}.Release|Any CPU.ActiveCfg = Release|Any CPU
		{100A90FC-ED0F-41A2-9F4A-49FA2552DDB8}.Release|Any CPU.Build.0 = Release|Any CPU
		{AA607F87-862A-46C7-8B10-4A487A754544}.Debug|Any CPU.ActiveCfg = Debug|Any CPU
		{AA607F87-862A-46C7-8B10-4A487A754544}.Debug|Any CPU.Build.0 = Debug|Any CPU
		{AA607F87-862A-46C7-8B10-4A487A754544}.Release|Any CPU.ActiveCfg = Release|Any CPU
		{AA607F87-862A-46C7-8B10-4A487A754544}.Release|Any CPU.Build.0 = Release|Any CPU
		{D71862FB-E1B8-4CA6-8108-04CE4E5B2B4E}.Debug|Any CPU.ActiveCfg = Debug|Any CPU
		{D71862FB-E1B8-4CA6-8108-04CE4E5B2B4E}.Debug|Any CPU.Build.0 = Debug|Any CPU
		{D71862FB-E1B8-4CA6-8108-04CE4E5B2B4E}.Release|Any CPU.ActiveCfg = Release|Any CPU
		{D71862FB-E1B8-4CA6-8108-04CE4E5B2B4E}.Release|Any CPU.Build.0 = Release|Any CPU
	EndGlobalSection
	GlobalSection(SolutionProperties) = preSolution
		HideSolutionNode = FALSE
	EndGlobalSection
	GlobalSection(ExtensibilityGlobals) = postSolution
		SolutionGuid = {D111C5FD-A62A-4212-A20A-5403345EA0E2}
	EndGlobalSection
EndGlobal
